// !$*UTF8*$!
{
	archiveVersion = 1;
	classes = {
	};
	objectVersion = 56;
	objects = {

/* Begin PBXBuildFile section */
		5D65CB1F2ABFFE7000C5F6D7 /* main.swift in Sources */ = {isa = PBXBuildFile; fileRef = 5D65CB1E2ABFFE7000C5F6D7 /* main.swift */; };
		5D65CB262ABFFEAC00C5F6D7 /* Piezas.swift in Sources */ = {isa = PBXBuildFile; fileRef = 5D65CB252ABFFEAC00C5F6D7 /* Piezas.swift */; };
		5D65CB282AC0028000C5F6D7 /* Banco.swift in Sources */ = {isa = PBXBuildFile; fileRef = 5D65CB272AC0028000C5F6D7 /* Banco.swift */; };
		5D65CB2A2AC006C700C5F6D7 /* PuntoPlano.swift in Sources */ = {isa = PBXBuildFile; fileRef = 5D65CB292AC006C700C5F6D7 /* PuntoPlano.swift */; };
		5D65CB2C2AC009F000C5F6D7 /* Triangulo.swift in Sources */ = {isa = PBXBuildFile; fileRef = 5D65CB2B2AC009F000C5F6D7 /* Triangulo.swift */; };
		5D65CB2E2AC00F5900C5F6D7 /* Cuadrado.swift in Sources */ = {isa = PBXBuildFile; fileRef = 5D65CB2D2AC00F5900C5F6D7 /* Cuadrado.swift */; };
		5DA290762AC10F1D00BCABB7 /* Sueldo.swift in Sources */ = {isa = PBXBuildFile; fileRef = 5DA290752AC10F1D00BCABB7 /* Sueldo.swift */; };
		5DA290782AC10FA900BCABB7 /* PromedioFinal.swift in Sources */ = {isa = PBXBuildFile; fileRef = 5DA290772AC10FA900BCABB7 /* PromedioFinal.swift */; };
		5DA2907A2AC1104C00BCABB7 /* NumeroMayor.swift in Sources */ = {isa = PBXBuildFile; fileRef = 5DA290792AC1104C00BCABB7 /* NumeroMayor.swift */; };
		5DA2907C2AC110CC00BCABB7 /* SumaNumeros.swift in Sources */ = {isa = PBXBuildFile; fileRef = 5DA2907B2AC110CC00BCABB7 /* SumaNumeros.swift */; };
		5DA2907E2AC1117000BCABB7 /* NumeroPositivo.swift in Sources */ = {isa = PBXBuildFile; fileRef = 5DA2907D2AC1117000BCABB7 /* NumeroPositivo.swift */; };
		5DA290802AC111D200BCABB7 /* NumeroPreguntas.swift in Sources */ = {isa = PBXBuildFile; fileRef = 5DA2907F2AC111D200BCABB7 /* NumeroPreguntas.swift */; };
		5DA290822AC1124200BCABB7 /* NumeroIngresados.swift in Sources */ = {isa = PBXBuildFile; fileRef = 5DA290812AC1124200BCABB7 /* NumeroIngresados.swift */; };
		5DA290842AC112C800BCABB7 /* SueldoEmpleado.swift in Sources */ = {isa = PBXBuildFile; fileRef = 5DA290832AC112C800BCABB7 /* SueldoEmpleado.swift */; };
/* End PBXBuildFile section */

/* Begin PBXCopyFilesBuildPhase section */
		5D65CB192ABFFE7000C5F6D7 /* CopyFiles */ = {
			isa = PBXCopyFilesBuildPhase;
			buildActionMask = 2147483647;
			dstPath = /usr/share/man/man1/;
			dstSubfolderSpec = 0;
			files = (
			);
			runOnlyForDeploymentPostprocessing = 1;
		};
/* End PBXCopyFilesBuildPhase section */

/* Begin PBXFileReference section */
		5D65CB1B2ABFFE7000C5F6D7 /* Ejercicios */ = {isa = PBXFileReference; explicitFileType = "compiled.mach-o.executable"; includeInIndex = 0; path = Ejercicios; sourceTree = BUILT_PRODUCTS_DIR; };
		5D65CB1E2ABFFE7000C5F6D7 /* main.swift */ = {isa = PBXFileReference; lastKnownFileType = sourcecode.swift; path = main.swift; sourceTree = "<group>"; };
		5D65CB252ABFFEAC00C5F6D7 /* Piezas.swift */ = {isa = PBXFileReference; lastKnownFileType = sourcecode.swift; path = Piezas.swift; sourceTree = "<group>"; };
		5D65CB272AC0028000C5F6D7 /* Banco.swift */ = {isa = PBXFileReference; lastKnownFileType = sourcecode.swift; path = Banco.swift; sourceTree = "<group>"; };
		5D65CB292AC006C700C5F6D7 /* PuntoPlano.swift */ = {isa = PBXFileReference; lastKnownFileType = sourcecode.swift; path = PuntoPlano.swift; sourceTree = "<group>"; };
		5D65CB2B2AC009F000C5F6D7 /* Triangulo.swift */ = {isa = PBXFileReference; lastKnownFileType = sourcecode.swift; path = Triangulo.swift; sourceTree = "<group>"; };
		5D65CB2D2AC00F5900C5F6D7 /* Cuadrado.swift */ = {isa = PBXFileReference; lastKnownFileType = sourcecode.swift; path = Cuadrado.swift; sourceTree = "<group>"; };
		5DA290752AC10F1D00BCABB7 /* Sueldo.swift */ = {isa = PBXFileReference; lastKnownFileType = sourcecode.swift; path = Sueldo.swift; sourceTree = "<group>"; };
		5DA290772AC10FA900BCABB7 /* PromedioFinal.swift */ = {isa = PBXFileReference; lastKnownFileType = sourcecode.swift; path = PromedioFinal.swift; sourceTree = "<group>"; };
		5DA290792AC1104C00BCABB7 /* NumeroMayor.swift */ = {isa = PBXFileReference; lastKnownFileType = sourcecode.swift; path = NumeroMayor.swift; sourceTree = "<group>"; };
		5DA2907B2AC110CC00BCABB7 /* SumaNumeros.swift */ = {isa = PBXFileReference; lastKnownFileType = sourcecode.swift; path = SumaNumeros.swift; sourceTree = "<group>"; };
		5DA2907D2AC1117000BCABB7 /* NumeroPositivo.swift */ = {isa = PBXFileReference; lastKnownFileType = sourcecode.swift; path = NumeroPositivo.swift; sourceTree = "<group>"; };
		5DA2907F2AC111D200BCABB7 /* NumeroPreguntas.swift */ = {isa = PBXFileReference; lastKnownFileType = sourcecode.swift; path = NumeroPreguntas.swift; sourceTree = "<group>"; };
		5DA290812AC1124200BCABB7 /* NumeroIngresados.swift */ = {isa = PBXFileReference; lastKnownFileType = sourcecode.swift; path = NumeroIngresados.swift; sourceTree = "<group>"; };
		5DA290832AC112C800BCABB7 /* SueldoEmpleado.swift */ = {isa = PBXFileReference; lastKnownFileType = sourcecode.swift; path = SueldoEmpleado.swift; sourceTree = "<group>"; };
/* End PBXFileReference section */

/* Begin PBXFrameworksBuildPhase section */
		5D65CB182ABFFE7000C5F6D7 /* Frameworks */ = {
			isa = PBXFrameworksBuildPhase;
			buildActionMask = 2147483647;
			files = (
			);
			runOnlyForDeploymentPostprocessing = 0;
		};
/* End PBXFrameworksBuildPhase section */

/* Begin PBXGroup section */
		5D65CB122ABFFE7000C5F6D7 = {
			isa = PBXGroup;
			children = (
				5D65CB1D2ABFFE7000C5F6D7 /* Ejercicios */,
				5D65CB1C2ABFFE7000C5F6D7 /* Products */,
			);
			sourceTree = "<group>";
		};
		5D65CB1C2ABFFE7000C5F6D7 /* Products */ = {
			isa = PBXGroup;
			children = (
				5D65CB1B2ABFFE7000C5F6D7 /* Ejercicios */,
			);
			name = Products;
			sourceTree = "<group>";
		};
		5D65CB1D2ABFFE7000C5F6D7 /* Ejercicios */ = {
			isa = PBXGroup;
			children = (
				5D65CB1E2ABFFE7000C5F6D7 /* main.swift */,
				5D65CB252ABFFEAC00C5F6D7 /* Piezas.swift */,
				5D65CB272AC0028000C5F6D7 /* Banco.swift */,
				5D65CB292AC006C700C5F6D7 /* PuntoPlano.swift */,
				5D65CB2B2AC009F000C5F6D7 /* Triangulo.swift */,
				5D65CB2D2AC00F5900C5F6D7 /* Cuadrado.swift */,
				5DA290752AC10F1D00BCABB7 /* Sueldo.swift */,
				5DA290772AC10FA900BCABB7 /* PromedioFinal.swift */,
				5DA290792AC1104C00BCABB7 /* NumeroMayor.swift */,
				5DA2907B2AC110CC00BCABB7 /* SumaNumeros.swift */,
				5DA2907D2AC1117000BCABB7 /* NumeroPositivo.swift */,
				5DA2907F2AC111D200BCABB7 /* NumeroPreguntas.swift */,
				5DA290812AC1124200BCABB7 /* NumeroIngresados.swift */,
				5DA290832AC112C800BCABB7 /* SueldoEmpleado.swift */,
			);
			path = Ejercicios;
			sourceTree = "<group>";
		};
/* End PBXGroup section */

/* Begin PBXNativeTarget section */
		5D65CB1A2ABFFE7000C5F6D7 /* Ejercicios */ = {
			isa = PBXNativeTarget;
			buildConfigurationList = 5D65CB222ABFFE7000C5F6D7 /* Build configuration list for PBXNativeTarget "Ejercicios" */;
			buildPhases = (
				5D65CB172ABFFE7000C5F6D7 /* Sources */,
				5D65CB182ABFFE7000C5F6D7 /* Frameworks */,
				5D65CB192ABFFE7000C5F6D7 /* CopyFiles */,
			);
			buildRules = (
			);
			dependencies = (
			);
			name = Ejercicios;
			productName = Ejercicios;
			productReference = 5D65CB1B2ABFFE7000C5F6D7 /* Ejercicios */;
			productType = "com.apple.product-type.tool";
		};
/* End PBXNativeTarget section */

/* Begin PBXProject section */
		5D65CB132ABFFE7000C5F6D7 /* Project object */ = {
			isa = PBXProject;
			attributes = {
				BuildIndependentTargetsInParallel = 1;
				LastSwiftUpdateCheck = 1430;
				LastUpgradeCheck = 1430;
				TargetAttributes = {
					5D65CB1A2ABFFE7000C5F6D7 = {
						CreatedOnToolsVersion = 14.3.1;
					};
				};
			};
			buildConfigurationList = 5D65CB162ABFFE7000C5F6D7 /* Build configuration list for PBXProject "Ejercicios" */;
			compatibilityVersion = "Xcode 14.0";
			developmentRegion = en;
			hasScannedForEncodings = 0;
			knownRegions = (
				en,
				Base,
			);
			mainGroup = 5D65CB122ABFFE7000C5F6D7;
			productRefGroup = 5D65CB1C2ABFFE7000C5F6D7 /* Products */;
			projectDirPath = "";
			projectRoot = "";
			targets = (
				5D65CB1A2ABFFE7000C5F6D7 /* Ejercicios */,
			);
		};
/* End PBXProject section */

/* Begin PBXSourcesBuildPhase section */
		5D65CB172ABFFE7000C5F6D7 /* Sources */ = {
			isa = PBXSourcesBuildPhase;
			buildActionMask = 2147483647;
			files = (
				5DA290762AC10F1D00BCABB7 /* Sueldo.swift in Sources */,
				5D65CB1F2ABFFE7000C5F6D7 /* main.swift in Sources */,
				5D65CB282AC0028000C5F6D7 /* Banco.swift in Sources */,
				5DA2907E2AC1117000BCABB7 /* NumeroPositivo.swift in Sources */,
				5DA290822AC1124200BCABB7 /* NumeroIngresados.swift in Sources */,
				5D65CB2E2AC00F5900C5F6D7 /* Cuadrado.swift in Sources */,
				5D65CB2C2AC009F000C5F6D7 /* Triangulo.swift in Sources */,
				5DA2907A2AC1104C00BCABB7 /* NumeroMayor.swift in Sources */,
				5DA290842AC112C800BCABB7 /* SueldoEmpleado.swift in Sources */,
				5D65CB262ABFFEAC00C5F6D7 /* Piezas.swift in Sources */,
				5DA2907C2AC110CC00BCABB7 /* SumaNumeros.swift in Sources */,
				5D65CB2A2AC006C700C5F6D7 /* PuntoPlano.swift in Sources */,
				5DA290782AC10FA900BCABB7 /* PromedioFinal.swift in Sources */,
				5DA290802AC111D200BCABB7 /* NumeroPreguntas.swift in Sources */,
			);
			runOnlyForDeploymentPostprocessing = 0;
		};
/* End PBXSourcesBuildPhase section */

/* Begin XCBuildConfiguration section */
		5D65CB202ABFFE7000C5F6D7 /* Debug */ = {
			isa = XCBuildConfiguration;
			buildSettings = {
				ALWAYS_SEARCH_USER_PATHS = NO;
				CLANG_ANALYZER_NONNULL = YES;
				CLANG_ANALYZER_NUMBER_OBJECT_CONVERSION = YES_AGGRESSIVE;
				CLANG_CXX_LANGUAGE_STANDARD = "gnu++20";
				CLANG_ENABLE_MODULES = YES;
				CLANG_ENABLE_OBJC_ARC = YES;
				CLANG_ENABLE_OBJC_WEAK = YES;
				CLANG_WARN_BLOCK_CAPTURE_AUTORELEASING = YES;
				CLANG_WARN_BOOL_CONVERSION = YES;
				CLANG_WARN_COMMA = YES;
				CLANG_WARN_CONSTANT_CONVERSION = YES;
				CLANG_WARN_DEPRECATED_OBJC_IMPLEMENTATIONS = YES;
				CLANG_WARN_DIRECT_OBJC_ISA_USAGE = YES_ERROR;
				CLANG_WARN_DOCUMENTATION_COMMENTS = YES;
				CLANG_WARN_EMPTY_BODY = YES;
				CLANG_WARN_ENUM_CONVERSION = YES;
				CLANG_WARN_INFINITE_RECURSION = YES;
				CLANG_WARN_INT_CONVERSION = YES;
				CLANG_WARN_NON_LITERAL_NULL_CONVERSION = YES;
				CLANG_WARN_OBJC_IMPLICIT_RETAIN_SELF = YES;
				CLANG_WARN_OBJC_LITERAL_CONVERSION = YES;
				CLANG_WARN_OBJC_ROOT_CLASS = YES_ERROR;
				CLANG_WARN_QUOTED_INCLUDE_IN_FRAMEWORK_HEADER = YES;
				CLANG_WARN_RANGE_LOOP_ANALYSIS = YES;
				CLANG_WARN_STRICT_PROTOTYPES = YES;
				CLANG_WARN_SUSPICIOUS_MOVE = YES;
				CLANG_WARN_UNGUARDED_AVAILABILITY = YES_AGGRESSIVE;
				CLANG_WARN_UNREACHABLE_CODE = YES;
				CLANG_WARN__DUPLICATE_METHOD_MATCH = YES;
				COPY_PHASE_STRIP = NO;
				DEBUG_INFORMATION_FORMAT = dwarf;
				ENABLE_STRICT_OBJC_MSGSEND = YES;
				ENABLE_TESTABILITY = YES;
				GCC_C_LANGUAGE_STANDARD = gnu11;
				GCC_DYNAMIC_NO_PIC = NO;
				GCC_NO_COMMON_BLOCKS = YES;
				GCC_OPTIMIZATION_LEVEL = 0;
				GCC_PREPROCESSOR_DEFINITIONS = (
					"DEBUG=1",
					"$(inherited)",
				);
				GCC_WARN_64_TO_32_BIT_CONVERSION = YES;
				GCC_WARN_ABOUT_RETURN_TYPE = YES_ERROR;
				GCC_WARN_UNDECLARED_SELECTOR = YES;
				GCC_WARN_UNINITIALIZED_AUTOS = YES_AGGRESSIVE;
				GCC_WARN_UNUSED_FUNCTION = YES;
				GCC_WARN_UNUSED_VARIABLE = YES;
				MACOSX_DEPLOYMENT_TARGET = 13.3;
				MTL_ENABLE_DEBUG_INFO = INCLUDE_SOURCE;
				MTL_FAST_MATH = YES;
				ONLY_ACTIVE_ARCH = YES;
				SDKROOT = macosx;
				SWIFT_ACTIVE_COMPILATION_CONDITIONS = DEBUG;
				SWIFT_OPTIMIZATION_LEVEL = "-Onone";
			};
			name = Debug;
		};
		5D65CB212ABFFE7000C5F6D7 /* Release */ = {
			isa = XCBuildConfiguration;
			buildSettings = {
				ALWAYS_SEARCH_USER_PATHS = NO;
				CLANG_ANALYZER_NONNULL = YES;
				CLANG_ANALYZER_NUMBER_OBJECT_CONVERSION = YES_AGGRESSIVE;
				CLANG_CXX_LANGUAGE_STANDARD = "gnu++20";
				CLANG_ENABLE_MODULES = YES;
				CLANG_ENABLE_OBJC_ARC = YES;
				CLANG_ENABLE_OBJC_WEAK = YES;
				CLANG_WARN_BLOCK_CAPTURE_AUTORELEASING = YES;
				CLANG_WARN_BOOL_CONVERSION = YES;
				CLANG_WARN_COMMA = YES;
				CLANG_WARN_CONSTANT_CONVERSION = YES;
				CLANG_WARN_DEPRECATED_OBJC_IMPLEMENTATIONS = YES;
				CLANG_WARN_DIRECT_OBJC_ISA_USAGE = YES_ERROR;
				CLANG_WARN_DOCUMENTATION_COMMENTS = YES;
				CLANG_WARN_EMPTY_BODY = YES;
				CLANG_WARN_ENUM_CONVERSION = YES;
				CLANG_WARN_INFINITE_RECURSION = YES;
				CLANG_WARN_INT_CONVERSION = YES;
				CLANG_WARN_NON_LITERAL_NULL_CONVERSION = YES;
				CLANG_WARN_OBJC_IMPLICIT_RETAIN_SELF = YES;
				CLANG_WARN_OBJC_LITERAL_CONVERSION = YES;
				CLANG_WARN_OBJC_ROOT_CLASS = YES_ERROR;
				CLANG_WARN_QUOTED_INCLUDE_IN_FRAMEWORK_HEADER = YES;
				CLANG_WARN_RANGE_LOOP_ANALYSIS = YES;
				CLANG_WARN_STRICT_PROTOTYPES = YES;
				CLANG_WARN_SUSPICIOUS_MOVE = YES;
				CLANG_WARN_UNGUARDED_AVAILABILITY = YES_AGGRESSIVE;
				CLANG_WARN_UNREACHABLE_CODE = YES;
				CLANG_WARN__DUPLICATE_METHOD_MATCH = YES;
				COPY_PHASE_STRIP = NO;
				DEBUG_INFORMATION_FORMAT = "dwarf-with-dsym";
				ENABLE_NS_ASSERTIONS = NO;
				ENABLE_STRICT_OBJC_MSGSEND = YES;
				GCC_C_LANGUAGE_STANDARD = gnu11;
				GCC_NO_COMMON_BLOCKS = YES;
				GCC_WARN_64_TO_32_BIT_CONVERSION = YES;
				GCC_WARN_ABOUT_RETURN_TYPE = YES_ERROR;
				GCC_WARN_UNDECLARED_SELECTOR = YES;
				GCC_WARN_UNINITIALIZED_AUTOS = YES_AGGRESSIVE;
				GCC_WARN_UNUSED_FUNCTION = YES;
				GCC_WARN_UNUSED_VARIABLE = YES;
				MACOSX_DEPLOYMENT_TARGET = 13.3;
				MTL_ENABLE_DEBUG_INFO = NO;
				MTL_FAST_MATH = YES;
				SDKROOT = macosx;
				SWIFT_COMPILATION_MODE = wholemodule;
				SWIFT_OPTIMIZATION_LEVEL = "-O";
			};
			name = Release;
		};
		5D65CB232ABFFE7000C5F6D7 /* Debug */ = {
			isa = XCBuildConfiguration;
			buildSettings = {
				CODE_SIGN_STYLE = Automatic;
				DEVELOPMENT_TEAM = KALX6ALL5S;
				ENABLE_HARDENED_RUNTIME = YES;
				PRODUCT_NAME = "$(TARGET_NAME)";
				SWIFT_VERSION = 5.0;
			};
			name = Debug;
		};
		5D65CB242ABFFE7000C5F6D7 /* Release */ = {
			isa = XCBuildConfiguration;
			buildSettings = {
				CODE_SIGN_STYLE = Automatic;
				DEVELOPMENT_TEAM = KALX6ALL5S;
				ENABLE_HARDENED_RUNTIME = YES;
				PRODUCT_NAME = "$(TARGET_NAME)";
				SWIFT_VERSION = 5.0;
			};
			name = Release;
		};
/* End XCBuildConfiguration section */

/* Begin XCConfigurationList section */
		5D65CB162ABFFE7000C5F6D7 /* Build configuration list for PBXProject "Ejercicios" */ = {
			isa = XCConfigurationList;
			buildConfigurations = (
				5D65CB202ABFFE7000C5F6D7 /* Debug */,
				5D65CB212ABFFE7000C5F6D7 /* Release */,
			);
			defaultConfigurationIsVisible = 0;
			defaultConfigurationName = Release;
		};
		5D65CB222ABFFE7000C5F6D7 /* Build configuration list for PBXNativeTarget "Ejercicios" */ = {
			isa = XCConfigurationList;
			buildConfigurations = (
				5D65CB232ABFFE7000C5F6D7 /* Debug */,
				5D65CB242ABFFE7000C5F6D7 /* Release */,
			);
			defaultConfigurationIsVisible = 0;
			defaultConfigurationName = Release;
		};
/* End XCConfigurationList section */
	};
	rootObject = 5D65CB132ABFFE7000C5F6D7 /* Project object */;
}
